
Microsoft Visual Studio Solution File, Format Version 12.00
# Visual Studio Version 17
VisualStudioVersion = 17.5.33502.453
MinimumVisualStudioVersion = 10.0.40219.1
Project("{9A19103F-16F7-4668-BE54-9A1E7A4F7556}") = "NeuroLib", "NeuroLib\NeuroLib.csproj", "{15CBD558-C083-4668-BAEF-0FE1DFA62BA6}"
EndProject
Project("{9A19103F-16F7-4668-BE54-9A1E7A4F7556}") = "TestNeuroLib-2", "TestNeuroLib-2\TestNeuroLib-2.csproj", "{76DE3463-CC8A-486A-ADDA-30ABD8C8DF6F}"
EndProject
Global
	GlobalSection(SolutionConfigurationPlatforms) = preSolution
		Debug|Any CPU = Debug|Any CPU
		Release|Any CPU = Release|Any CPU
	EndGlobalSection
	GlobalSection(ProjectConfigurationPlatforms) = postSolution
		{15CBD558-C083-4668-BAEF-0FE1DFA62BA6}.Debug|Any CPU.ActiveCfg = Debug|Any CPU
		{15CBD558-C083-4668-BAEF-0FE1DFA62BA6}.Debug|Any CPU.Build.0 = Debug|Any CPU
		{15CBD558-C083-4668-BAEF-0FE1DFA62BA6}.Release|Any CPU.ActiveCfg = Release|Any CPU
		{15CBD558-C083-4668-BAEF-0FE1DFA62BA6}.Release|Any CPU.Build.0 = Release|Any CPU
		{76DE3463-CC8A-486A-ADDA-30ABD8C8DF6F}.Debug|Any CPU.ActiveCfg = Debug|Any CPU
		{76DE3463-CC8A-486A-ADDA-30ABD8C8DF6F}.Debug|Any CPU.Build.0 = Debug|Any CPU
		{76DE3463-CC8A-486A-ADDA-30ABD8C8DF6F}.Release|Any CPU.ActiveCfg = Release|Any CPU
		{76DE3463-CC8A-486A-ADDA-30ABD8C8DF6F}.Release|Any CPU.Build.0 = Release|Any CPU
	EndGlobalSection
	GlobalSection(SolutionProperties) = preSolution
		HideSolutionNode = FALSE
	EndGlobalSection
	GlobalSection(ExtensibilityGlobals) = postSolution
		SolutionGuid = {F83EAF0A-553F-4A89-AC71-79E40F0A4B2F}
	EndGlobalSection
EndGlobal
